# This file is automatically @generated by Cargo.
# It is not intended for manual editing.
version = 3

[[package]]
name = "hotel"
version = "1.0.2"
source = "registry+https://github.com/rust-lang/crates.io-index"
checksum = "8e1c3e65d2cbfd3898e5214846458a8cab6baa084dedb18effc7278f4f7ad2fa"

[[package]]
name = "jit-easy"
version = "0.1.0"
dependencies = [
 "hotel",
]
